PODS:
  - Alamofire (4.9.1)
  - PromiseKit (6.12.0):
    - PromiseKit/CorePromise (= 6.12.0)
    - PromiseKit/Foundation (= 6.12.0)
    - PromiseKit/UIKit (= 6.12.0)
  - PromiseKit/CorePromise (6.12.0)
  - PromiseKit/Foundation (6.12.0):
    - PromiseKit/CorePromise
  - PromiseKit/UIKit (6.12.0):
    - PromiseKit/CorePromise

DEPENDENCIES:
  - Alamofire
  - PromiseKit

SPEC REPOS:
  trunk:
    - Alamofire
    - PromiseKit

SPEC CHECKSUMS:
  Alamofire: 85e8a02c69d6020a0d734f6054870d7ecb75cf18
  PromiseKit: c06835ba442ce5454ce3cdde470232804a6e4ff8

PODFILE CHECKSUM: 85ccdd736b54d5a5ddac1b322d09535fbd646133

COCOAPODS: 1.8.4
